// !$*UTF8*$!
{
	archiveVersion = 1;
	classes = {
	};
	objectVersion = 46;
	objects = {

/* Begin PBXBuildFile section */
		F10580751C5905E4000497DE /* inputClosedArrow.png in Resources */ = {isa = PBXBuildFile; fileRef = F10580721C5905E4000497DE /* inputClosedArrow.png */; };
		F10580761C5905E4000497DE /* inputFillArrow.png in Resources */ = {isa = PBXBuildFile; fileRef = F10580731C5905E4000497DE /* inputFillArrow.png */; };
		F10580771C5905E4000497DE /* outputClosedArrow.png in Resources */ = {isa = PBXBuildFile; fileRef = F10580741C5905E4000497DE /* outputClosedArrow.png */; };
		F10AB8061C50E53100DE6DCE /* open.png in Resources */ = {isa = PBXBuildFile; fileRef = F10AB8051C50E53100DE6DCE /* open.png */; };
		F10AB8081C50E7E200DE6DCE /* PasteView.xib in Resources */ = {isa = PBXBuildFile; fileRef = F10AB8071C50E7E200DE6DCE /* PasteView.xib */; };
		F10AB80B1C50E85100DE6DCE /* cancel.png in Resources */ = {isa = PBXBuildFile; fileRef = F10AB8091C50E85100DE6DCE /* cancel.png */; };
		F10AB80C1C50E85100DE6DCE /* ok.png in Resources */ = {isa = PBXBuildFile; fileRef = F10AB80A1C50E85100DE6DCE /* ok.png */; };
		F10AB80F1C50E9FB00DE6DCE /* PasteView.m in Sources */ = {isa = PBXBuildFile; fileRef = F10AB80E1C50E9FB00DE6DCE /* PasteView.m */; };
		F10F0FA31C1AF67000165561 /* ColorPalette.m in Sources */ = {isa = PBXBuildFile; fileRef = F10F0FA21C1AF67000165561 /* ColorPalette.m */; };
		F10F0FA51C1ED77A00165561 /* design.graphicR in Resources */ = {isa = PBXBuildFile; fileRef = F10F0FA41C1ED77A00165561 /* design.graphicR */; };
		F1431E881C52330C006A45BC /* exported.json in Resources */ = {isa = PBXBuildFile; fileRef = F1431E871C52330C006A45BC /* exported.json */; };
		F1431E8B1C524127006A45BC /* ClassAttribute.m in Sources */ = {isa = PBXBuildFile; fileRef = F1431E8A1C524127006A45BC /* ClassAttribute.m */; };
		F1431E8E1C5249F7006A45BC /* ComponentDetailsView.xib in Resources */ = {isa = PBXBuildFile; fileRef = F1431E8D1C5249F7006A45BC /* ComponentDetailsView.xib */; };
		F1587B041C19BC4600E963BE /* Palette.m in Sources */ = {isa = PBXBuildFile; fileRef = F1587B031C19BC4600E963BE /* Palette.m */; };
		F15A96091C27F69100ACA6FA /* XMLWriter.m in Sources */ = {isa = PBXBuildFile; fileRef = F15A96081C27F69100ACA6FA /* XMLWriter.m */; };
		F1685E9F1C1827FB0094097E /* ConfigureDiagramViewController.m in Sources */ = {isa = PBXBuildFile; fileRef = F1685E9E1C1827FB0094097E /* ConfigureDiagramViewController.m */; };
		F1685EA21C18289E0094097E /* EditorViewController.m in Sources */ = {isa = PBXBuildFile; fileRef = F1685EA11C18289E0094097E /* EditorViewController.m */; };
		F1685EA51C18294A0094097E /* Component.m in Sources */ = {isa = PBXBuildFile; fileRef = F1685EA41C18294A0094097E /* Component.m */; };
		F1685EA81C1829F00094097E /* Canvas.m in Sources */ = {isa = PBXBuildFile; fileRef = F1685EA71C1829F00094097E /* Canvas.m */; };
		F1685EAB1C182B7D0094097E /* Connection.m in Sources */ = {isa = PBXBuildFile; fileRef = F1685EAA1C182B7D0094097E /* Connection.m */; };
		F1685EAE1C1831840094097E /* ComponentDetailsView.m in Sources */ = {isa = PBXBuildFile; fileRef = F1685EAD1C1831840094097E /* ComponentDetailsView.m */; };
		F16C7DC11C577E9100CA9B25 /* Reference.m in Sources */ = {isa = PBXBuildFile; fileRef = F16C7DC01C577E9100CA9B25 /* Reference.m */; };
		F16C7DC31C5781EB00CA9B25 /* ReferenceTableViewCell.xib in Resources */ = {isa = PBXBuildFile; fileRef = F16C7DC21C5781EB00CA9B25 /* ReferenceTableViewCell.xib */; };
		F16C7DC61C57821800CA9B25 /* ReferenceTableViewCell.m in Sources */ = {isa = PBXBuildFile; fileRef = F16C7DC51C57821800CA9B25 /* ReferenceTableViewCell.m */; };
		F16C7DC81C578D3900CA9B25 /* ConnectionDetailsView.xib in Resources */ = {isa = PBXBuildFile; fileRef = F16C7DC71C578D3900CA9B25 /* ConnectionDetailsView.xib */; };
		F16C7DCB1C578D4B00CA9B25 /* ConnectionDetailsView.m in Sources */ = {isa = PBXBuildFile; fileRef = F16C7DCA1C578D4B00CA9B25 /* ConnectionDetailsView.m */; };
		F16C7DCD1C57AD2900CA9B25 /* SureView.xib in Resources */ = {isa = PBXBuildFile; fileRef = F16C7DCC1C57AD2900CA9B25 /* SureView.xib */; };
		F16C7DD01C57AD4400CA9B25 /* SureView.m in Sources */ = {isa = PBXBuildFile; fileRef = F16C7DCF1C57AD4400CA9B25 /* SureView.m */; };
		F1786DE51C561ADA00963663 /* BooleanAttributeTableViewCell.xib in Resources */ = {isa = PBXBuildFile; fileRef = F1786DE41C561ADA00963663 /* BooleanAttributeTableViewCell.xib */; };
		F1786DE81C561AF200963663 /* BooleanAttributeTableViewCell.m in Sources */ = {isa = PBXBuildFile; fileRef = F1786DE71C561AF200963663 /* BooleanAttributeTableViewCell.m */; };
		F1786DEC1C56222B00963663 /* GenericAttributeTableViewCell.m in Sources */ = {isa = PBXBuildFile; fileRef = F1786DEA1C56222B00963663 /* GenericAttributeTableViewCell.m */; };
		F1786DED1C56222B00963663 /* GenericAttributeTableViewCell.xib in Resources */ = {isa = PBXBuildFile; fileRef = F1786DEB1C56222B00963663 /* GenericAttributeTableViewCell.xib */; };
		F1786DEF1C56410200963663 /* SaveNameView.xib in Resources */ = {isa = PBXBuildFile; fileRef = F1786DEE1C56410200963663 /* SaveNameView.xib */; };
		F1786DF21C56411300963663 /* SaveNameView.m in Sources */ = {isa = PBXBuildFile; fileRef = F1786DF11C56411300963663 /* SaveNameView.m */; };
		F1786DF41C56649B00963663 /* ExploreFilesView.xib in Resources */ = {isa = PBXBuildFile; fileRef = F1786DF31C56649B00963663 /* ExploreFilesView.xib */; };
		F1786DF71C5664AB00963663 /* ExploreFilesView.m in Sources */ = {isa = PBXBuildFile; fileRef = F1786DF61C5664AB00963663 /* ExploreFilesView.m */; };
		F17B75A91C22D6E100AB1B57 /* newDocument.png in Resources */ = {isa = PBXBuildFile; fileRef = F17B75A81C22D6E100AB1B57 /* newDocument.png */; };
		F17B75AB1C22D79F00AB1B57 /* save.png in Resources */ = {isa = PBXBuildFile; fileRef = F17B75AA1C22D79F00AB1B57 /* save.png */; };
		F17B75AD1C22D9CC00AB1B57 /* list.png in Resources */ = {isa = PBXBuildFile; fileRef = F17B75AC1C22D9CC00AB1B57 /* list.png */; };
		F17B75B01C22DA7200AB1B57 /* arrow.png in Resources */ = {isa = PBXBuildFile; fileRef = F17B75AF1C22DA7200AB1B57 /* arrow.png */; };
		F17B75B31C22DBFE00AB1B57 /* ComponentsListViewController.m in Sources */ = {isa = PBXBuildFile; fileRef = F17B75B21C22DBFE00AB1B57 /* ComponentsListViewController.m */; };
		F18510781C1824C8004EC4C8 /* main.m in Sources */ = {isa = PBXBuildFile; fileRef = F18510771C1824C8004EC4C8 /* main.m */; };
		F185107B1C1824C8004EC4C8 /* AppDelegate.m in Sources */ = {isa = PBXBuildFile; fileRef = F185107A1C1824C8004EC4C8 /* AppDelegate.m */; };
		F18510811C1824C8004EC4C8 /* Main.storyboard in Resources */ = {isa = PBXBuildFile; fileRef = F185107F1C1824C8004EC4C8 /* Main.storyboard */; };
		F18510831C1824C8004EC4C8 /* Assets.xcassets in Resources */ = {isa = PBXBuildFile; fileRef = F18510821C1824C8004EC4C8 /* Assets.xcassets */; };
		F18510861C1824C8004EC4C8 /* LaunchScreen.storyboard in Resources */ = {isa = PBXBuildFile; fileRef = F18510841C1824C8004EC4C8 /* LaunchScreen.storyboard */; };
		F1853A001C52533E0015A9E0 /* StringAttributeTableViewCell.xib in Resources */ = {isa = PBXBuildFile; fileRef = F18539FF1C52533E0015A9E0 /* StringAttributeTableViewCell.xib */; };
		F1853A031C5253740015A9E0 /* StringAttributeTableViewCell.m in Sources */ = {isa = PBXBuildFile; fileRef = F1853A021C5253740015A9E0 /* StringAttributeTableViewCell.m */; };
		F19C258E1C43AB580002E490 /* back.png in Resources */ = {isa = PBXBuildFile; fileRef = F19C258D1C43AB580002E490 /* back.png */; };
		F19C25901C43AB8B0002E490 /* palette.png in Resources */ = {isa = PBXBuildFile; fileRef = F19C258F1C43AB8B0002E490 /* palette.png */; };
		F1A20A791C1977430037C05D /* minus-512.png in Resources */ = {isa = PBXBuildFile; fileRef = F1A20A781C1977430037C05D /* minus-512.png */; };
		F1A20A7E1C1981290037C05D /* XMLDictionary.m in Sources */ = {isa = PBXBuildFile; fileRef = F1A20A7D1C1981290037C05D /* XMLDictionary.m */; };
		F1A20A851C198A540037C05D /* PaletteItem.m in Sources */ = {isa = PBXBuildFile; fileRef = F1A20A841C198A540037C05D /* PaletteItem.m */; };
		F1AB3B161C22B19800EDBB1D /* resize.png in Resources */ = {isa = PBXBuildFile; fileRef = F1AB3B151C22B19800EDBB1D /* resize.png */; };
		F1B4861E1C46604700752157 /* PaletteFile.m in Sources */ = {isa = PBXBuildFile; fileRef = F1B4861D1C46604700752157 /* PaletteFile.m */; };
		F1C6347B1C2842C30072912D /* camera.png in Resources */ = {isa = PBXBuildFile; fileRef = F1C6347A1C2842C30072912D /* camera.png */; };
		F1DAE7A71C4D023000ECDD34 /* DFAAutomaton.graphicR in Resources */ = {isa = PBXBuildFile; fileRef = F1DAE7A61C4D023000ECDD34 /* DFAAutomaton.graphicR */; };
		F1E9EFD51C4521DA007E227D /* PItemEditor.m in Sources */ = {isa = PBXBuildFile; fileRef = F1E9EFD41C4521DA007E227D /* PItemEditor.m */; };
		F1E9EFD81C4524CD007E227D /* PaletteItemCreatorViewController.m in Sources */ = {isa = PBXBuildFile; fileRef = F1E9EFD71C4524CD007E227D /* PaletteItemCreatorViewController.m */; };
/* End PBXBuildFile section */

/* Begin PBXFileReference section */
		F10580721C5905E4000497DE /* inputClosedArrow.png */ = {isa = PBXFileReference; lastKnownFileType = image.png; path = inputClosedArrow.png; sourceTree = "<group>"; };
		F10580731C5905E4000497DE /* inputFillArrow.png */ = {isa = PBXFileReference; lastKnownFileType = image.png; path = inputFillArrow.png; sourceTree = "<group>"; };
		F10580741C5905E4000497DE /* outputClosedArrow.png */ = {isa = PBXFileReference; lastKnownFileType = image.png; path = outputClosedArrow.png; sourceTree = "<group>"; };
		F10AB8051C50E53100DE6DCE /* open.png */ = {isa = PBXFileReference; lastKnownFileType = image.png; path = open.png; sourceTree = "<group>"; };
		F10AB8071C50E7E200DE6DCE /* PasteView.xib */ = {isa = PBXFileReference; fileEncoding = 4; lastKnownFileType = file.xib; path = PasteView.xib; sourceTree = "<group>"; };
		F10AB8091C50E85100DE6DCE /* cancel.png */ = {isa = PBXFileReference; lastKnownFileType = image.png; path = cancel.png; sourceTree = "<group>"; };
		F10AB80A1C50E85100DE6DCE /* ok.png */ = {isa = PBXFileReference; lastKnownFileType = image.png; path = ok.png; sourceTree = "<group>"; };
		F10AB80D1C50E9FB00DE6DCE /* PasteView.h */ = {isa = PBXFileReference; fileEncoding = 4; lastKnownFileType = sourcecode.c.h; path = PasteView.h; sourceTree = "<group>"; };
		F10AB80E1C50E9FB00DE6DCE /* PasteView.m */ = {isa = PBXFileReference; fileEncoding = 4; lastKnownFileType = sourcecode.c.objc; path = PasteView.m; sourceTree = "<group>"; };
		F10F0FA11C1AF67000165561 /* ColorPalette.h */ = {isa = PBXFileReference; fileEncoding = 4; lastKnownFileType = sourcecode.c.h; path = ColorPalette.h; sourceTree = "<group>"; };
		F10F0FA21C1AF67000165561 /* ColorPalette.m */ = {isa = PBXFileReference; fileEncoding = 4; lastKnownFileType = sourcecode.c.objc; path = ColorPalette.m; sourceTree = "<group>"; };
		F10F0FA41C1ED77A00165561 /* design.graphicR */ = {isa = PBXFileReference; fileEncoding = 4; lastKnownFileType = text.xml; path = design.graphicR; sourceTree = "<group>"; };
		F1431E871C52330C006A45BC /* exported.json */ = {isa = PBXFileReference; fileEncoding = 4; lastKnownFileType = text.json; path = exported.json; sourceTree = "<group>"; };
		F1431E891C524127006A45BC /* ClassAttribute.h */ = {isa = PBXFileReference; fileEncoding = 4; lastKnownFileType = sourcecode.c.h; path = ClassAttribute.h; sourceTree = "<group>"; };
		F1431E8A1C524127006A45BC /* ClassAttribute.m */ = {isa = PBXFileReference; fileEncoding = 4; lastKnownFileType = sourcecode.c.objc; path = ClassAttribute.m; sourceTree = "<group>"; };
		F1431E8D1C5249F7006A45BC /* ComponentDetailsView.xib */ = {isa = PBXFileReference; fileEncoding = 4; lastKnownFileType = file.xib; path = ComponentDetailsView.xib; sourceTree = "<group>"; };
		F1587B021C19BC4600E963BE /* Palette.h */ = {isa = PBXFileReference; fileEncoding = 4; lastKnownFileType = sourcecode.c.h; path = Palette.h; sourceTree = "<group>"; };
		F1587B031C19BC4600E963BE /* Palette.m */ = {isa = PBXFileReference; fileEncoding = 4; lastKnownFileType = sourcecode.c.objc; path = Palette.m; sourceTree = "<group>"; };
		F15A96071C27F69100ACA6FA /* XMLWriter.h */ = {isa = PBXFileReference; fileEncoding = 4; lastKnownFileType = sourcecode.c.h; path = XMLWriter.h; sourceTree = "<group>"; };
		F15A96081C27F69100ACA6FA /* XMLWriter.m */ = {isa = PBXFileReference; fileEncoding = 4; lastKnownFileType = sourcecode.c.objc; path = XMLWriter.m; sourceTree = "<group>"; };
		F1685E9D1C1827FB0094097E /* ConfigureDiagramViewController.h */ = {isa = PBXFileReference; fileEncoding = 4; lastKnownFileType = sourcecode.c.h; path = ConfigureDiagramViewController.h; sourceTree = "<group>"; };
		F1685E9E1C1827FB0094097E /* ConfigureDiagramViewController.m */ = {isa = PBXFileReference; fileEncoding = 4; lastKnownFileType = sourcecode.c.objc; path = ConfigureDiagramViewController.m; sourceTree = "<group>"; };
		F1685EA01C18289E0094097E /* EditorViewController.h */ = {isa = PBXFileReference; fileEncoding = 4; lastKnownFileType = sourcecode.c.h; path = EditorViewController.h; sourceTree = "<group>"; };
		F1685EA11C18289E0094097E /* EditorViewController.m */ = {isa = PBXFileReference; fileEncoding = 4; lastKnownFileType = sourcecode.c.objc; path = EditorViewController.m; sourceTree = "<group>"; };
		F1685EA31C18294A0094097E /* Component.h */ = {isa = PBXFileReference; fileEncoding = 4; lastKnownFileType = sourcecode.c.h; path = Component.h; sourceTree = "<group>"; };
		F1685EA41C18294A0094097E /* Component.m */ = {isa = PBXFileReference; fileEncoding = 4; lastKnownFileType = sourcecode.c.objc; path = Component.m; sourceTree = "<group>"; };
		F1685EA61C1829F00094097E /* Canvas.h */ = {isa = PBXFileReference; fileEncoding = 4; lastKnownFileType = sourcecode.c.h; path = Canvas.h; sourceTree = "<group>"; };
		F1685EA71C1829F00094097E /* Canvas.m */ = {isa = PBXFileReference; fileEncoding = 4; lastKnownFileType = sourcecode.c.objc; path = Canvas.m; sourceTree = "<group>"; };
		F1685EA91C182B7D0094097E /* Connection.h */ = {isa = PBXFileReference; fileEncoding = 4; lastKnownFileType = sourcecode.c.h; path = Connection.h; sourceTree = "<group>"; };
		F1685EAA1C182B7D0094097E /* Connection.m */ = {isa = PBXFileReference; fileEncoding = 4; lastKnownFileType = sourcecode.c.objc; path = Connection.m; sourceTree = "<group>"; };
		F1685EAC1C1831840094097E /* ComponentDetailsView.h */ = {isa = PBXFileReference; fileEncoding = 4; lastKnownFileType = sourcecode.c.h; path = ComponentDetailsView.h; sourceTree = "<group>"; };
		F1685EAD1C1831840094097E /* ComponentDetailsView.m */ = {isa = PBXFileReference; fileEncoding = 4; lastKnownFileType = sourcecode.c.objc; path = ComponentDetailsView.m; sourceTree = "<group>"; };
		F16C7DBF1C577E9100CA9B25 /* Reference.h */ = {isa = PBXFileReference; fileEncoding = 4; lastKnownFileType = sourcecode.c.h; path = Reference.h; sourceTree = "<group>"; };
		F16C7DC01C577E9100CA9B25 /* Reference.m */ = {isa = PBXFileReference; fileEncoding = 4; lastKnownFileType = sourcecode.c.objc; path = Reference.m; sourceTree = "<group>"; };
		F16C7DC21C5781EB00CA9B25 /* ReferenceTableViewCell.xib */ = {isa = PBXFileReference; fileEncoding = 4; lastKnownFileType = file.xib; path = ReferenceTableViewCell.xib; sourceTree = "<group>"; };
		F16C7DC41C57821800CA9B25 /* ReferenceTableViewCell.h */ = {isa = PBXFileReference; fileEncoding = 4; lastKnownFileType = sourcecode.c.h; path = ReferenceTableViewCell.h; sourceTree = "<group>"; };
		F16C7DC51C57821800CA9B25 /* ReferenceTableViewCell.m */ = {isa = PBXFileReference; fileEncoding = 4; lastKnownFileType = sourcecode.c.objc; path = ReferenceTableViewCell.m; sourceTree = "<group>"; };
		F16C7DC71C578D3900CA9B25 /* ConnectionDetailsView.xib */ = {isa = PBXFileReference; fileEncoding = 4; lastKnownFileType = file.xib; path = ConnectionDetailsView.xib; sourceTree = "<group>"; };
		F16C7DC91C578D4B00CA9B25 /* ConnectionDetailsView.h */ = {isa = PBXFileReference; fileEncoding = 4; lastKnownFileType = sourcecode.c.h; path = ConnectionDetailsView.h; sourceTree = "<group>"; };
		F16C7DCA1C578D4B00CA9B25 /* ConnectionDetailsView.m */ = {isa = PBXFileReference; fileEncoding = 4; lastKnownFileType = sourcecode.c.objc; path = ConnectionDetailsView.m; sourceTree = "<group>"; };
		F16C7DCC1C57AD2900CA9B25 /* SureView.xib */ = {isa = PBXFileReference; fileEncoding = 4; lastKnownFileType = file.xib; path = SureView.xib; sourceTree = "<group>"; };
		F16C7DCE1C57AD4400CA9B25 /* SureView.h */ = {isa = PBXFileReference; fileEncoding = 4; lastKnownFileType = sourcecode.c.h; path = SureView.h; sourceTree = "<group>"; };
		F16C7DCF1C57AD4400CA9B25 /* SureView.m */ = {isa = PBXFileReference; fileEncoding = 4; lastKnownFileType = sourcecode.c.objc; path = SureView.m; sourceTree = "<group>"; };
		F1786DE41C561ADA00963663 /* BooleanAttributeTableViewCell.xib */ = {isa = PBXFileReference; fileEncoding = 4; lastKnownFileType = file.xib; path = BooleanAttributeTableViewCell.xib; sourceTree = "<group>"; };
		F1786DE61C561AF200963663 /* BooleanAttributeTableViewCell.h */ = {isa = PBXFileReference; fileEncoding = 4; lastKnownFileType = sourcecode.c.h; path = BooleanAttributeTableViewCell.h; sourceTree = "<group>"; };
		F1786DE71C561AF200963663 /* BooleanAttributeTableViewCell.m */ = {isa = PBXFileReference; fileEncoding = 4; lastKnownFileType = sourcecode.c.objc; path = BooleanAttributeTableViewCell.m; sourceTree = "<group>"; };
		F1786DE91C56222B00963663 /* GenericAttributeTableViewCell.h */ = {isa = PBXFileReference; fileEncoding = 4; lastKnownFileType = sourcecode.c.h; path = GenericAttributeTableViewCell.h; sourceTree = "<group>"; };
		F1786DEA1C56222B00963663 /* GenericAttributeTableViewCell.m */ = {isa = PBXFileReference; fileEncoding = 4; lastKnownFileType = sourcecode.c.objc; path = GenericAttributeTableViewCell.m; sourceTree = "<group>"; };
		F1786DEB1C56222B00963663 /* GenericAttributeTableViewCell.xib */ = {isa = PBXFileReference; fileEncoding = 4; lastKnownFileType = file.xib; path = GenericAttributeTableViewCell.xib; sourceTree = "<group>"; };
		F1786DEE1C56410200963663 /* SaveNameView.xib */ = {isa = PBXFileReference; fileEncoding = 4; lastKnownFileType = file.xib; path = SaveNameView.xib; sourceTree = "<group>"; };
		F1786DF01C56411300963663 /* SaveNameView.h */ = {isa = PBXFileReference; fileEncoding = 4; lastKnownFileType = sourcecode.c.h; path = SaveNameView.h; sourceTree = "<group>"; };
		F1786DF11C56411300963663 /* SaveNameView.m */ = {isa = PBXFileReference; fileEncoding = 4; lastKnownFileType = sourcecode.c.objc; path = SaveNameView.m; sourceTree = "<group>"; };
		F1786DF31C56649B00963663 /* ExploreFilesView.xib */ = {isa = PBXFileReference; fileEncoding = 4; lastKnownFileType = file.xib; path = ExploreFilesView.xib; sourceTree = "<group>"; };
		F1786DF51C5664AB00963663 /* ExploreFilesView.h */ = {isa = PBXFileReference; fileEncoding = 4; lastKnownFileType = sourcecode.c.h; path = ExploreFilesView.h; sourceTree = "<group>"; };
		F1786DF61C5664AB00963663 /* ExploreFilesView.m */ = {isa = PBXFileReference; fileEncoding = 4; lastKnownFileType = sourcecode.c.objc; path = ExploreFilesView.m; sourceTree = "<group>"; };
		F17B75A81C22D6E100AB1B57 /* newDocument.png */ = {isa = PBXFileReference; lastKnownFileType = image.png; path = newDocument.png; sourceTree = "<group>"; };
		F17B75AA1C22D79F00AB1B57 /* save.png */ = {isa = PBXFileReference; lastKnownFileType = image.png; path = save.png; sourceTree = "<group>"; };
		F17B75AC1C22D9CC00AB1B57 /* list.png */ = {isa = PBXFileReference; lastKnownFileType = image.png; path = list.png; sourceTree = "<group>"; };
		F17B75AF1C22DA7200AB1B57 /* arrow.png */ = {isa = PBXFileReference; lastKnownFileType = image.png; path = arrow.png; sourceTree = "<group>"; };
		F17B75B11C22DBFE00AB1B57 /* ComponentsListViewController.h */ = {isa = PBXFileReference; fileEncoding = 4; lastKnownFileType = sourcecode.c.h; path = ComponentsListViewController.h; sourceTree = "<group>"; };
		F17B75B21C22DBFE00AB1B57 /* ComponentsListViewController.m */ = {isa = PBXFileReference; fileEncoding = 4; lastKnownFileType = sourcecode.c.objc; path = ComponentsListViewController.m; sourceTree = "<group>"; };
		F18510731C1824C8004EC4C8 /* DiagramEditor.app */ = {isa = PBXFileReference; explicitFileType = wrapper.application; includeInIndex = 0; path = DiagramEditor.app; sourceTree = BUILT_PRODUCTS_DIR; };
		F18510771C1824C8004EC4C8 /* main.m */ = {isa = PBXFileReference; lastKnownFileType = sourcecode.c.objc; path = main.m; sourceTree = "<group>"; };
		F18510791C1824C8004EC4C8 /* AppDelegate.h */ = {isa = PBXFileReference; lastKnownFileType = sourcecode.c.h; path = AppDelegate.h; sourceTree = "<group>"; };
		F185107A1C1824C8004EC4C8 /* AppDelegate.m */ = {isa = PBXFileReference; lastKnownFileType = sourcecode.c.objc; path = AppDelegate.m; sourceTree = "<group>"; };
		F18510801C1824C8004EC4C8 /* Base */ = {isa = PBXFileReference; lastKnownFileType = file.storyboard; name = Base; path = Base.lproj/Main.storyboard; sourceTree = "<group>"; };
		F18510821C1824C8004EC4C8 /* Assets.xcassets */ = {isa = PBXFileReference; lastKnownFileType = folder.assetcatalog; path = Assets.xcassets; sourceTree = "<group>"; };
		F18510851C1824C8004EC4C8 /* Base */ = {isa = PBXFileReference; lastKnownFileType = file.storyboard; name = Base; path = Base.lproj/LaunchScreen.storyboard; sourceTree = "<group>"; };
		F18510871C1824C8004EC4C8 /* Info.plist */ = {isa = PBXFileReference; lastKnownFileType = text.plist.xml; path = Info.plist; sourceTree = "<group>"; };
		F18539FF1C52533E0015A9E0 /* StringAttributeTableViewCell.xib */ = {isa = PBXFileReference; fileEncoding = 4; lastKnownFileType = file.xib; path = StringAttributeTableViewCell.xib; sourceTree = "<group>"; };
		F1853A011C5253740015A9E0 /* StringAttributeTableViewCell.h */ = {isa = PBXFileReference; fileEncoding = 4; lastKnownFileType = sourcecode.c.h; path = StringAttributeTableViewCell.h; sourceTree = "<group>"; };
		F1853A021C5253740015A9E0 /* StringAttributeTableViewCell.m */ = {isa = PBXFileReference; fileEncoding = 4; lastKnownFileType = sourcecode.c.objc; path = StringAttributeTableViewCell.m; sourceTree = "<group>"; };
		F19C258D1C43AB580002E490 /* back.png */ = {isa = PBXFileReference; lastKnownFileType = image.png; path = back.png; sourceTree = "<group>"; };
		F19C258F1C43AB8B0002E490 /* palette.png */ = {isa = PBXFileReference; lastKnownFileType = image.png; path = palette.png; sourceTree = "<group>"; };
		F1A20A781C1977430037C05D /* minus-512.png */ = {isa = PBXFileReference; lastKnownFileType = image.png; path = "minus-512.png"; sourceTree = "<group>"; };
		F1A20A7C1C1981290037C05D /* XMLDictionary.h */ = {isa = PBXFileReference; fileEncoding = 4; lastKnownFileType = sourcecode.c.h; path = XMLDictionary.h; sourceTree = "<group>"; };
		F1A20A7D1C1981290037C05D /* XMLDictionary.m */ = {isa = PBXFileReference; fileEncoding = 4; lastKnownFileType = sourcecode.c.objc; path = XMLDictionary.m; sourceTree = "<group>"; };
		F1A20A831C198A540037C05D /* PaletteItem.h */ = {isa = PBXFileReference; fileEncoding = 4; lastKnownFileType = sourcecode.c.h; path = PaletteItem.h; sourceTree = "<group>"; };
		F1A20A841C198A540037C05D /* PaletteItem.m */ = {isa = PBXFileReference; fileEncoding = 4; lastKnownFileType = sourcecode.c.objc; path = PaletteItem.m; sourceTree = "<group>"; };
		F1AB3B151C22B19800EDBB1D /* resize.png */ = {isa = PBXFileReference; lastKnownFileType = image.png; path = resize.png; sourceTree = "<group>"; };
		F1B4861C1C46604700752157 /* PaletteFile.h */ = {isa = PBXFileReference; fileEncoding = 4; lastKnownFileType = sourcecode.c.h; path = PaletteFile.h; sourceTree = "<group>"; };
		F1B4861D1C46604700752157 /* PaletteFile.m */ = {isa = PBXFileReference; fileEncoding = 4; lastKnownFileType = sourcecode.c.objc; path = PaletteFile.m; sourceTree = "<group>"; };
		F1C6347A1C2842C30072912D /* camera.png */ = {isa = PBXFileReference; lastKnownFileType = image.png; path = camera.png; sourceTree = "<group>"; };
		F1DAE7A61C4D023000ECDD34 /* DFAAutomaton.graphicR */ = {isa = PBXFileReference; fileEncoding = 4; lastKnownFileType = text.xml; path = DFAAutomaton.graphicR; sourceTree = "<group>"; };
		F1E9EFD31C4521DA007E227D /* PItemEditor.h */ = {isa = PBXFileReference; fileEncoding = 4; lastKnownFileType = sourcecode.c.h; path = PItemEditor.h; sourceTree = "<group>"; };
		F1E9EFD41C4521DA007E227D /* PItemEditor.m */ = {isa = PBXFileReference; fileEncoding = 4; lastKnownFileType = sourcecode.c.objc; path = PItemEditor.m; sourceTree = "<group>"; };
		F1E9EFD61C4524CD007E227D /* PaletteItemCreatorViewController.h */ = {isa = PBXFileReference; fileEncoding = 4; lastKnownFileType = sourcecode.c.h; path = PaletteItemCreatorViewController.h; sourceTree = "<group>"; };
		F1E9EFD71C4524CD007E227D /* PaletteItemCreatorViewController.m */ = {isa = PBXFileReference; fileEncoding = 4; lastKnownFileType = sourcecode.c.objc; path = PaletteItemCreatorViewController.m; sourceTree = "<group>"; };
/* End PBXFileReference section */

/* Begin PBXFrameworksBuildPhase section */
		F18510701C1824C8004EC4C8 /* Frameworks */ = {
			isa = PBXFrameworksBuildPhase;
			buildActionMask = 2147483647;
			files = (
			);
			runOnlyForDeploymentPostprocessing = 0;
		};
/* End PBXFrameworksBuildPhase section */

/* Begin PBXGroup section */
		F10580711C5905DA000497DE /* Decorators */ = {
			isa = PBXGroup;
			children = (
				F10580721C5905E4000497DE /* inputClosedArrow.png */,
				F10580731C5905E4000497DE /* inputFillArrow.png */,
				F10580741C5905E4000497DE /* outputClosedArrow.png */,
			);
			name = Decorators;
			sourceTree = "<group>";
		};
		F10BE4341C29663E0053A7F9 /* Model */ = {
			isa = PBXGroup;
			children = (
				F1A20A831C198A540037C05D /* PaletteItem.h */,
				F1A20A841C198A540037C05D /* PaletteItem.m */,
				F1685EA31C18294A0094097E /* Component.h */,
				F1685EA41C18294A0094097E /* Component.m */,
				F1685EA91C182B7D0094097E /* Connection.h */,
				F1685EAA1C182B7D0094097E /* Connection.m */,
				F10F0FA11C1AF67000165561 /* ColorPalette.h */,
				F10F0FA21C1AF67000165561 /* ColorPalette.m */,
				F1B4861C1C46604700752157 /* PaletteFile.h */,
				F1B4861D1C46604700752157 /* PaletteFile.m */,
				F1431E891C524127006A45BC /* ClassAttribute.h */,
				F1431E8A1C524127006A45BC /* ClassAttribute.m */,
				F16C7DBF1C577E9100CA9B25 /* Reference.h */,
				F16C7DC01C577E9100CA9B25 /* Reference.m */,
			);
			name = Model;
			sourceTree = "<group>";
		};
		F1431E861C523302006A45BC /* testFiles */ = {
			isa = PBXGroup;
			children = (
				F1431E871C52330C006A45BC /* exported.json */,
			);
			name = testFiles;
			sourceTree = "<group>";
		};
		F1431E8C1C5249D4006A45BC /* Views */ = {
			isa = PBXGroup;
			children = (
				F1786DE31C561AB100963663 /* AttributeCells */,
				F1685EAC1C1831840094097E /* ComponentDetailsView.h */,
				F1685EAD1C1831840094097E /* ComponentDetailsView.m */,
				F1431E8D1C5249F7006A45BC /* ComponentDetailsView.xib */,
				F10AB8071C50E7E200DE6DCE /* PasteView.xib */,
				F10AB80D1C50E9FB00DE6DCE /* PasteView.h */,
				F10AB80E1C50E9FB00DE6DCE /* PasteView.m */,
				F1786DEE1C56410200963663 /* SaveNameView.xib */,
				F1786DF01C56411300963663 /* SaveNameView.h */,
				F1786DF11C56411300963663 /* SaveNameView.m */,
				F1786DF31C56649B00963663 /* ExploreFilesView.xib */,
				F1786DF51C5664AB00963663 /* ExploreFilesView.h */,
				F1786DF61C5664AB00963663 /* ExploreFilesView.m */,
				F16C7DC71C578D3900CA9B25 /* ConnectionDetailsView.xib */,
				F16C7DC91C578D4B00CA9B25 /* ConnectionDetailsView.h */,
				F16C7DCA1C578D4B00CA9B25 /* ConnectionDetailsView.m */,
				F16C7DCE1C57AD4400CA9B25 /* SureView.h */,
				F16C7DCF1C57AD4400CA9B25 /* SureView.m */,
				F16C7DCC1C57AD2900CA9B25 /* SureView.xib */,
			);
			name = Views;
			sourceTree = "<group>";
		};
		F15A96061C27F4A900ACA6FA /* XML Utilities */ = {
			isa = PBXGroup;
			children = (
				F1A20A7C1C1981290037C05D /* XMLDictionary.h */,
				F1A20A7D1C1981290037C05D /* XMLDictionary.m */,
				F15A96071C27F69100ACA6FA /* XMLWriter.h */,
				F15A96081C27F69100ACA6FA /* XMLWriter.m */,
			);
			name = "XML Utilities";
			sourceTree = "<group>";
		};
		F1786DE31C561AB100963663 /* AttributeCells */ = {
			isa = PBXGroup;
			children = (
				F18539FF1C52533E0015A9E0 /* StringAttributeTableViewCell.xib */,
				F1853A011C5253740015A9E0 /* StringAttributeTableViewCell.h */,
				F1853A021C5253740015A9E0 /* StringAttributeTableViewCell.m */,
				F1786DE41C561ADA00963663 /* BooleanAttributeTableViewCell.xib */,
				F1786DE61C561AF200963663 /* BooleanAttributeTableViewCell.h */,
				F1786DE71C561AF200963663 /* BooleanAttributeTableViewCell.m */,
				F1786DE91C56222B00963663 /* GenericAttributeTableViewCell.h */,
				F1786DEA1C56222B00963663 /* GenericAttributeTableViewCell.m */,
				F1786DEB1C56222B00963663 /* GenericAttributeTableViewCell.xib */,
				F16C7DC21C5781EB00CA9B25 /* ReferenceTableViewCell.xib */,
				F16C7DC41C57821800CA9B25 /* ReferenceTableViewCell.h */,
				F16C7DC51C57821800CA9B25 /* ReferenceTableViewCell.m */,
			);
			name = AttributeCells;
			sourceTree = "<group>";
		};
		F17B75AE1C22D9D500AB1B57 /* Icons */ = {
			isa = PBXGroup;
			children = (
				F10580711C5905DA000497DE /* Decorators */,
				F10AB8091C50E85100DE6DCE /* cancel.png */,
				F10AB80A1C50E85100DE6DCE /* ok.png */,
				F10AB8051C50E53100DE6DCE /* open.png */,
				F19C258D1C43AB580002E490 /* back.png */,
				F19C258F1C43AB8B0002E490 /* palette.png */,
				F1C6347A1C2842C30072912D /* camera.png */,
				F1A20A781C1977430037C05D /* minus-512.png */,
				F1AB3B151C22B19800EDBB1D /* resize.png */,
				F17B75AA1C22D79F00AB1B57 /* save.png */,
				F17B75A81C22D6E100AB1B57 /* newDocument.png */,
				F17B75AF1C22DA7200AB1B57 /* arrow.png */,
				F17B75AC1C22D9CC00AB1B57 /* list.png */,
			);
			name = Icons;
			sourceTree = "<group>";
		};
		F185106A1C1824C8004EC4C8 = {
			isa = PBXGroup;
			children = (
				F18510751C1824C8004EC4C8 /* DiagramEditor */,
				F18510741C1824C8004EC4C8 /* Products */,
			);
			sourceTree = "<group>";
		};
		F18510741C1824C8004EC4C8 /* Products */ = {
			isa = PBXGroup;
			children = (
				F18510731C1824C8004EC4C8 /* DiagramEditor.app */,
			);
			name = Products;
			sourceTree = "<group>";
		};
		F18510751C1824C8004EC4C8 /* DiagramEditor */ = {
			isa = PBXGroup;
			children = (
				F1431E8C1C5249D4006A45BC /* Views */,
				F1431E861C523302006A45BC /* testFiles */,
				F1B4861F1C47A2DD00752157 /* palettes */,
				F10BE4341C29663E0053A7F9 /* Model */,
				F15A96061C27F4A900ACA6FA /* XML Utilities */,
				F17B75AE1C22D9D500AB1B57 /* Icons */,
				F18510791C1824C8004EC4C8 /* AppDelegate.h */,
				F185107A1C1824C8004EC4C8 /* AppDelegate.m */,
				F185107F1C1824C8004EC4C8 /* Main.storyboard */,
				F1685E9D1C1827FB0094097E /* ConfigureDiagramViewController.h */,
				F1685E9E1C1827FB0094097E /* ConfigureDiagramViewController.m */,
				F1685EA01C18289E0094097E /* EditorViewController.h */,
				F1685EA11C18289E0094097E /* EditorViewController.m */,
				F1685EA61C1829F00094097E /* Canvas.h */,
				F1685EA71C1829F00094097E /* Canvas.m */,
				F1587B021C19BC4600E963BE /* Palette.h */,
				F1587B031C19BC4600E963BE /* Palette.m */,
				F17B75B11C22DBFE00AB1B57 /* ComponentsListViewController.h */,
				F17B75B21C22DBFE00AB1B57 /* ComponentsListViewController.m */,
				F18510821C1824C8004EC4C8 /* Assets.xcassets */,
				F18510841C1824C8004EC4C8 /* LaunchScreen.storyboard */,
				F18510871C1824C8004EC4C8 /* Info.plist */,
				F18510761C1824C8004EC4C8 /* Supporting Files */,
				F1E9EFD31C4521DA007E227D /* PItemEditor.h */,
				F1E9EFD41C4521DA007E227D /* PItemEditor.m */,
				F1E9EFD61C4524CD007E227D /* PaletteItemCreatorViewController.h */,
				F1E9EFD71C4524CD007E227D /* PaletteItemCreatorViewController.m */,
			);
			path = DiagramEditor;
			sourceTree = "<group>";
		};
		F18510761C1824C8004EC4C8 /* Supporting Files */ = {
			isa = PBXGroup;
			children = (
				F18510771C1824C8004EC4C8 /* main.m */,
			);
			name = "Supporting Files";
			sourceTree = "<group>";
		};
		F1B4861F1C47A2DD00752157 /* palettes */ = {
			isa = PBXGroup;
			children = (
				F1DAE7A61C4D023000ECDD34 /* DFAAutomaton.graphicR */,
				F10F0FA41C1ED77A00165561 /* design.graphicR */,
			);
			name = palettes;
			sourceTree = "<group>";
		};
/* End PBXGroup section */

/* Begin PBXNativeTarget section */
		F18510721C1824C8004EC4C8 /* DiagramEditor */ = {
			isa = PBXNativeTarget;
			buildConfigurationList = F185108A1C1824C8004EC4C8 /* Build configuration list for PBXNativeTarget "DiagramEditor" */;
			buildPhases = (
				F185106F1C1824C8004EC4C8 /* Sources */,
				F18510701C1824C8004EC4C8 /* Frameworks */,
				F18510711C1824C8004EC4C8 /* Resources */,
			);
			buildRules = (
			);
			dependencies = (
			);
			name = DiagramEditor;
			productName = DiagramEditor;
			productReference = F18510731C1824C8004EC4C8 /* DiagramEditor.app */;
			productType = "com.apple.product-type.application";
		};
/* End PBXNativeTarget section */

/* Begin PBXProject section */
		F185106B1C1824C8004EC4C8 /* Project object */ = {
			isa = PBXProject;
			attributes = {
				LastUpgradeCheck = 0710;
				ORGANIZATIONNAME = "Diego Vaquero Melchor";
				TargetAttributes = {
					F18510721C1824C8004EC4C8 = {
						CreatedOnToolsVersion = 7.1.1;
						DevelopmentTeam = ZYL4LPJD6J;
					};
				};
			};
			buildConfigurationList = F185106E1C1824C8004EC4C8 /* Build configuration list for PBXProject "DiagramEditor" */;
			compatibilityVersion = "Xcode 3.2";
			developmentRegion = English;
			hasScannedForEncodings = 0;
			knownRegions = (
				en,
				Base,
			);
			mainGroup = F185106A1C1824C8004EC4C8;
			productRefGroup = F18510741C1824C8004EC4C8 /* Products */;
			projectDirPath = "";
			projectRoot = "";
			targets = (
				F18510721C1824C8004EC4C8 /* DiagramEditor */,
			);
		};
/* End PBXProject section */

/* Begin PBXResourcesBuildPhase section */
		F18510711C1824C8004EC4C8 /* Resources */ = {
			isa = PBXResourcesBuildPhase;
			buildActionMask = 2147483647;
			files = (
				F1853A001C52533E0015A9E0 /* StringAttributeTableViewCell.xib in Resources */,
				F10580751C5905E4000497DE /* inputClosedArrow.png in Resources */,
				F1AB3B161C22B19800EDBB1D /* resize.png in Resources */,
				F16C7DC81C578D3900CA9B25 /* ConnectionDetailsView.xib in Resources */,
				F1431E8E1C5249F7006A45BC /* ComponentDetailsView.xib in Resources */,
				F10580761C5905E4000497DE /* inputFillArrow.png in Resources */,
				F10F0FA51C1ED77A00165561 /* design.graphicR in Resources */,
				F18510861C1824C8004EC4C8 /* LaunchScreen.storyboard in Resources */,
				F19C258E1C43AB580002E490 /* back.png in Resources */,
				F1DAE7A71C4D023000ECDD34 /* DFAAutomaton.graphicR in Resources */,
				F10AB8081C50E7E200DE6DCE /* PasteView.xib in Resources */,
				F1786DED1C56222B00963663 /* GenericAttributeTableViewCell.xib in Resources */,
				F1A20A791C1977430037C05D /* minus-512.png in Resources */,
				F16C7DCD1C57AD2900CA9B25 /* SureView.xib in Resources */,
				F10580771C5905E4000497DE /* outputClosedArrow.png in Resources */,
				F1431E881C52330C006A45BC /* exported.json in Resources */,
				F17B75A91C22D6E100AB1B57 /* newDocument.png in Resources */,
				F1786DEF1C56410200963663 /* SaveNameView.xib in Resources */,
				F19C25901C43AB8B0002E490 /* palette.png in Resources */,
				F10AB80B1C50E85100DE6DCE /* cancel.png in Resources */,
				F18510831C1824C8004EC4C8 /* Assets.xcassets in Resources */,
				F17B75AD1C22D9CC00AB1B57 /* list.png in Resources */,
				F1C6347B1C2842C30072912D /* camera.png in Resources */,
				F10AB80C1C50E85100DE6DCE /* ok.png in Resources */,
				F1786DE51C561ADA00963663 /* BooleanAttributeTableViewCell.xib in Resources */,
				F18510811C1824C8004EC4C8 /* Main.storyboard in Resources */,
				F1786DF41C56649B00963663 /* ExploreFilesView.xib in Resources */,
				F10AB8061C50E53100DE6DCE /* open.png in Resources */,
				F17B75B01C22DA7200AB1B57 /* arrow.png in Resources */,
				F17B75AB1C22D79F00AB1B57 /* save.png in Resources */,
				F16C7DC31C5781EB00CA9B25 /* ReferenceTableViewCell.xib in Resources */,
			);
			runOnlyForDeploymentPostprocessing = 0;
		};
/* End PBXResourcesBuildPhase section */

/* Begin PBXSourcesBuildPhase section */
		F185106F1C1824C8004EC4C8 /* Sources */ = {
			isa = PBXSourcesBuildPhase;
			buildActionMask = 2147483647;
			files = (
				F1786DF21C56411300963663 /* SaveNameView.m in Sources */,
				F16C7DC11C577E9100CA9B25 /* Reference.m in Sources */,
				F1685EA81C1829F00094097E /* Canvas.m in Sources */,
				F16C7DCB1C578D4B00CA9B25 /* ConnectionDetailsView.m in Sources */,
				F185107B1C1824C8004EC4C8 /* AppDelegate.m in Sources */,
				F1685EAE1C1831840094097E /* ComponentDetailsView.m in Sources */,
				F1786DE81C561AF200963663 /* BooleanAttributeTableViewCell.m in Sources */,
				F15A96091C27F69100ACA6FA /* XMLWriter.m in Sources */,
				F1E9EFD51C4521DA007E227D /* PItemEditor.m in Sources */,
				F1431E8B1C524127006A45BC /* ClassAttribute.m in Sources */,
				F1685E9F1C1827FB0094097E /* ConfigureDiagramViewController.m in Sources */,
				F1786DEC1C56222B00963663 /* GenericAttributeTableViewCell.m in Sources */,
				F16C7DC61C57821800CA9B25 /* ReferenceTableViewCell.m in Sources */,
				F1685EA51C18294A0094097E /* Component.m in Sources */,
				F1A20A851C198A540037C05D /* PaletteItem.m in Sources */,
				F1587B041C19BC4600E963BE /* Palette.m in Sources */,
				F17B75B31C22DBFE00AB1B57 /* ComponentsListViewController.m in Sources */,
				F1B4861E1C46604700752157 /* PaletteFile.m in Sources */,
				F10AB80F1C50E9FB00DE6DCE /* PasteView.m in Sources */,
				F1685EA21C18289E0094097E /* EditorViewController.m in Sources */,
				F1A20A7E1C1981290037C05D /* XMLDictionary.m in Sources */,
				F1853A031C5253740015A9E0 /* StringAttributeTableViewCell.m in Sources */,
				F1E9EFD81C4524CD007E227D /* PaletteItemCreatorViewController.m in Sources */,
				F16C7DD01C57AD4400CA9B25 /* SureView.m in Sources */,
				F1786DF71C5664AB00963663 /* ExploreFilesView.m in Sources */,
				F18510781C1824C8004EC4C8 /* main.m in Sources */,
				F1685EAB1C182B7D0094097E /* Connection.m in Sources */,
				F10F0FA31C1AF67000165561 /* ColorPalette.m in Sources */,
			);
			runOnlyForDeploymentPostprocessing = 0;
		};
/* End PBXSourcesBuildPhase section */

/* Begin PBXVariantGroup section */
		F185107F1C1824C8004EC4C8 /* Main.storyboard */ = {
			isa = PBXVariantGroup;
			children = (
				F18510801C1824C8004EC4C8 /* Base */,
			);
			name = Main.storyboard;
			sourceTree = "<group>";
		};
		F18510841C1824C8004EC4C8 /* LaunchScreen.storyboard */ = {
			isa = PBXVariantGroup;
			children = (
				F18510851C1824C8004EC4C8 /* Base */,
			);
			name = LaunchScreen.storyboard;
			sourceTree = "<group>";
		};
/* End PBXVariantGroup section */

/* Begin XCBuildConfiguration section */
		F18510881C1824C8004EC4C8 /* Debug */ = {
			isa = XCBuildConfiguration;
			buildSettings = {
				ALWAYS_SEARCH_USER_PATHS = NO;
				CLANG_CXX_LANGUAGE_STANDARD = "gnu++0x";
				CLANG_CXX_LIBRARY = "libc++";
				CLANG_ENABLE_MODULES = YES;
				CLANG_ENABLE_OBJC_ARC = YES;
				CLANG_WARN_BOOL_CONVERSION = YES;
				CLANG_WARN_CONSTANT_CONVERSION = YES;
				CLANG_WARN_DIRECT_OBJC_ISA_USAGE = YES_ERROR;
				CLANG_WARN_EMPTY_BODY = YES;
				CLANG_WARN_ENUM_CONVERSION = YES;
				CLANG_WARN_INT_CONVERSION = YES;
				CLANG_WARN_OBJC_ROOT_CLASS = YES_ERROR;
				CLANG_WARN_UNREACHABLE_CODE = YES;
				CLANG_WARN__DUPLICATE_METHOD_MATCH = YES;
				"CODE_SIGN_IDENTITY[sdk=iphoneos*]" = "iPhone Developer";
				COPY_PHASE_STRIP = NO;
				DEBUG_INFORMATION_FORMAT = dwarf;
				ENABLE_STRICT_OBJC_MSGSEND = YES;
				ENABLE_TESTABILITY = YES;
				GCC_C_LANGUAGE_STANDARD = gnu99;
				GCC_DYNAMIC_NO_PIC = NO;
				GCC_NO_COMMON_BLOCKS = YES;
				GCC_OPTIMIZATION_LEVEL = 0;
				GCC_PREPROCESSOR_DEFINITIONS = (
					"DEBUG=1",
					"$(inherited)",
				);
				GCC_WARN_64_TO_32_BIT_CONVERSION = YES;
				GCC_WARN_ABOUT_RETURN_TYPE = YES_ERROR;
				GCC_WARN_UNDECLARED_SELECTOR = YES;
				GCC_WARN_UNINITIALIZED_AUTOS = YES_AGGRESSIVE;
				GCC_WARN_UNUSED_FUNCTION = YES;
				GCC_WARN_UNUSED_VARIABLE = YES;
				IPHONEOS_DEPLOYMENT_TARGET = 9.1;
				MTL_ENABLE_DEBUG_INFO = YES;
				ONLY_ACTIVE_ARCH = YES;
				SDKROOT = iphoneos;
				TARGETED_DEVICE_FAMILY = "1,2";
			};
			name = Debug;
		};
		F18510891C1824C8004EC4C8 /* Release */ = {
			isa = XCBuildConfiguration;
			buildSettings = {
				ALWAYS_SEARCH_USER_PATHS = NO;
				CLANG_CXX_LANGUAGE_STANDARD = "gnu++0x";
				CLANG_CXX_LIBRARY = "libc++";
				CLANG_ENABLE_MODULES = YES;
				CLANG_ENABLE_OBJC_ARC = YES;
				CLANG_WARN_BOOL_CONVERSION = YES;
				CLANG_WARN_CONSTANT_CONVERSION = YES;
				CLANG_WARN_DIRECT_OBJC_ISA_USAGE = YES_ERROR;
				CLANG_WARN_EMPTY_BODY = YES;
				CLANG_WARN_ENUM_CONVERSION = YES;
				CLANG_WARN_INT_CONVERSION = YES;
				CLANG_WARN_OBJC_ROOT_CLASS = YES_ERROR;
				CLANG_WARN_UNREACHABLE_CODE = YES;
				CLANG_WARN__DUPLICATE_METHOD_MATCH = YES;
				"CODE_SIGN_IDENTITY[sdk=iphoneos*]" = "iPhone Developer";
				COPY_PHASE_STRIP = NO;
				DEBUG_INFORMATION_FORMAT = "dwarf-with-dsym";
				ENABLE_NS_ASSERTIONS = NO;
				ENABLE_STRICT_OBJC_MSGSEND = YES;
				GCC_C_LANGUAGE_STANDARD = gnu99;
				GCC_NO_COMMON_BLOCKS = YES;
				GCC_WARN_64_TO_32_BIT_CONVERSION = YES;
				GCC_WARN_ABOUT_RETURN_TYPE = YES_ERROR;
				GCC_WARN_UNDECLARED_SELECTOR = YES;
				GCC_WARN_UNINITIALIZED_AUTOS = YES_AGGRESSIVE;
				GCC_WARN_UNUSED_FUNCTION = YES;
				GCC_WARN_UNUSED_VARIABLE = YES;
				IPHONEOS_DEPLOYMENT_TARGET = 9.1;
				MTL_ENABLE_DEBUG_INFO = NO;
				SDKROOT = iphoneos;
				TARGETED_DEVICE_FAMILY = "1,2";
				VALIDATE_PRODUCT = YES;
			};
			name = Release;
		};
		F185108B1C1824C8004EC4C8 /* Debug */ = {
			isa = XCBuildConfiguration;
			buildSettings = {
				ASSETCATALOG_COMPILER_APPICON_NAME = AppIcon;
				CODE_SIGN_IDENTITY = "iPhone Developer";
				"CODE_SIGN_IDENTITY[sdk=iphoneos*]" = "iPhone Developer";
				INFOPLIST_FILE = DiagramEditor/Info.plist;
				IPHONEOS_DEPLOYMENT_TARGET = 8.0;
				LD_RUNPATH_SEARCH_PATHS = "$(inherited) @executable_path/Frameworks";
				PRODUCT_BUNDLE_IDENTIFIER = com.rievo.DiagramEditor1;
				PRODUCT_NAME = "$(TARGET_NAME)";
				PROVISIONING_PROFILE = "";
			};
			name = Debug;
		};
		F185108C1C1824C8004EC4C8 /* Release */ = {
			isa = XCBuildConfiguration;
			buildSettings = {
				ASSETCATALOG_COMPILER_APPICON_NAME = AppIcon;
				CODE_SIGN_IDENTITY = "iPhone Developer";
				"CODE_SIGN_IDENTITY[sdk=iphoneos*]" = "iPhone Developer";
				INFOPLIST_FILE = DiagramEditor/Info.plist;
				IPHONEOS_DEPLOYMENT_TARGET = 8.0;
				LD_RUNPATH_SEARCH_PATHS = "$(inherited) @executable_path/Frameworks";
				PRODUCT_BUNDLE_IDENTIFIER = com.rievo.DiagramEditor1;
				PRODUCT_NAME = "$(TARGET_NAME)";
				PROVISIONING_PROFILE = "";
			};
			name = Release;
		};
/* End XCBuildConfiguration section */

/* Begin XCConfigurationList section */
		F185106E1C1824C8004EC4C8 /* Build configuration list for PBXProject "DiagramEditor" */ = {
			isa = XCConfigurationList;
			buildConfigurations = (
				F18510881C1824C8004EC4C8 /* Debug */,
				F18510891C1824C8004EC4C8 /* Release */,
			);
			defaultConfigurationIsVisible = 0;
			defaultConfigurationName = Release;
		};
		F185108A1C1824C8004EC4C8 /* Build configuration list for PBXNativeTarget "DiagramEditor" */ = {
			isa = XCConfigurationList;
			buildConfigurations = (
				F185108B1C1824C8004EC4C8 /* Debug */,
				F185108C1C1824C8004EC4C8 /* Release */,
			);
			defaultConfigurationIsVisible = 0;
			defaultConfigurationName = Release;
		};
/* End XCConfigurationList section */
	};
	rootObject = F185106B1C1824C8004EC4C8 /* Project object */;
}
